
Microsoft Visual Studio Solution File, Format Version 12.00
# Visual Studio Version 17
VisualStudioVersion = 17.9.34728.123
MinimumVisualStudioVersion = 10.0.40219.1
Project("{2150E333-8FDC-42A3-9474-1A3956D46DE8}") = "Common", "Common", "{4FA3D8A8-91F6-4F9B-ADD0-F636B70CA43D}"
EndProject
Project("{2150E333-8FDC-42A3-9474-1A3956D46DE8}") = "Catalog", "Catalog", "{F45CB645-7E6B-4190-BB0C-389EF48B4E1F}"
EndProject
Project("{9A19103F-16F7-4668-BE54-9A1E7A4F7556}") = "Catalog.DAL", "Category.DAL\Catalog.DAL.csproj", "{ACC1456D-EDD2-484D-94A1-C21570ADCAA4}"
EndProject
Project("{9A19103F-16F7-4668-BE54-9A1E7A4F7556}") = "Catalog.BLL", "Category.BLL\Catalog.BLL.csproj", "{390A8B25-CA6F-408F-A577-6F09BE1F2880}"
EndProject
Project("{9A19103F-16F7-4668-BE54-9A1E7A4F7556}") = "Catalog.API", "Catalog.API\Catalog.API.csproj", "{9F1B46A4-C88D-45AC-A374-59A3E04E7522}"
EndProject
Project("{9A19103F-16F7-4668-BE54-9A1E7A4F7556}") = "DataAccess.Common", "DataAccess.Common\DataAccess.Common.csproj", "{9C328BE3-AC35-4616-851D-027FE64005C7}"
EndProject
Project("{2150E333-8FDC-42A3-9474-1A3956D46DE8}") = "Basket", "Basket", "{7B057C39-448A-41F3-961D-764A681AFC78}"
EndProject
Project("{9A19103F-16F7-4668-BE54-9A1E7A4F7556}") = "Basket.DAL", "Basket.DAL\Basket.DAL.csproj", "{B15B2907-0E93-4BA8-8D28-180495B90420}"
EndProject
Project("{9A19103F-16F7-4668-BE54-9A1E7A4F7556}") = "Basket.BLL", "Basket.BLL\Basket.BLL.csproj", "{255EDF04-F911-439A-944C-B31B76189B07}"
EndProject
Project("{9A19103F-16F7-4668-BE54-9A1E7A4F7556}") = "Basket.API", "Basket.API\Basket.API.csproj", "{E2E2627B-274F-414B-900C-E35BCB981547}"
EndProject
Project("{2150E333-8FDC-42A3-9474-1A3956D46DE8}") = "APIGateway", "APIGateway", "{DA01519E-35D5-4F05-AC9E-E56DC52AB45C}"
EndProject
Project("{FAE04EC0-301F-11D3-BF4B-00C04F79EFBC}") = "eShop.APIGateway", "eShop.APIGateway\eShop.APIGateway.csproj", "{4A4AD638-A244-4D8C-BBEF-332660797E13}"
EndProject
Project("{FAE04EC0-301F-11D3-BF4B-00C04F79EFBC}") = "eShop.Aggregator", "eShop.Aggregator\eShop.Aggregator.csproj", "{233E6386-EBC7-4D0F-915E-C03B8D1421BB}"
EndProject
Global
	GlobalSection(SolutionConfigurationPlatforms) = preSolution
		Debug|Any CPU = Debug|Any CPU
		Release|Any CPU = Release|Any CPU
	EndGlobalSection
	GlobalSection(ProjectConfigurationPlatforms) = postSolution
		{ACC1456D-EDD2-484D-94A1-C21570ADCAA4}.Debug|Any CPU.ActiveCfg = Debug|Any CPU
		{ACC1456D-EDD2-484D-94A1-C21570ADCAA4}.Debug|Any CPU.Build.0 = Debug|Any CPU
		{ACC1456D-EDD2-484D-94A1-C21570ADCAA4}.Release|Any CPU.ActiveCfg = Release|Any CPU
		{ACC1456D-EDD2-484D-94A1-C21570ADCAA4}.Release|Any CPU.Build.0 = Release|Any CPU
		{390A8B25-CA6F-408F-A577-6F09BE1F2880}.Debug|Any CPU.ActiveCfg = Debug|Any CPU
		{390A8B25-CA6F-408F-A577-6F09BE1F2880}.Debug|Any CPU.Build.0 = Debug|Any CPU
		{390A8B25-CA6F-408F-A577-6F09BE1F2880}.Release|Any CPU.ActiveCfg = Release|Any CPU
		{390A8B25-CA6F-408F-A577-6F09BE1F2880}.Release|Any CPU.Build.0 = Release|Any CPU
		{9F1B46A4-C88D-45AC-A374-59A3E04E7522}.Debug|Any CPU.ActiveCfg = Debug|Any CPU
		{9F1B46A4-C88D-45AC-A374-59A3E04E7522}.Debug|Any CPU.Build.0 = Debug|Any CPU
		{9F1B46A4-C88D-45AC-A374-59A3E04E7522}.Release|Any CPU.ActiveCfg = Release|Any CPU
		{9F1B46A4-C88D-45AC-A374-59A3E04E7522}.Release|Any CPU.Build.0 = Release|Any CPU
		{9C328BE3-AC35-4616-851D-027FE64005C7}.Debug|Any CPU.ActiveCfg = Debug|Any CPU
		{9C328BE3-AC35-4616-851D-027FE64005C7}.Debug|Any CPU.Build.0 = Debug|Any CPU
		{9C328BE3-AC35-4616-851D-027FE64005C7}.Release|Any CPU.ActiveCfg = Release|Any CPU
		{9C328BE3-AC35-4616-851D-027FE64005C7}.Release|Any CPU.Build.0 = Release|Any CPU
		{B15B2907-0E93-4BA8-8D28-180495B90420}.Debug|Any CPU.ActiveCfg = Debug|Any CPU
		{B15B2907-0E93-4BA8-8D28-180495B90420}.Debug|Any CPU.Build.0 = Debug|Any CPU
		{B15B2907-0E93-4BA8-8D28-180495B90420}.Release|Any CPU.ActiveCfg = Release|Any CPU
		{B15B2907-0E93-4BA8-8D28-180495B90420}.Release|Any CPU.Build.0 = Release|Any CPU
		{255EDF04-F911-439A-944C-B31B76189B07}.Debug|Any CPU.ActiveCfg = Debug|Any CPU
		{255EDF04-F911-439A-944C-B31B76189B07}.Debug|Any CPU.Build.0 = Debug|Any CPU
		{255EDF04-F911-439A-944C-B31B76189B07}.Release|Any CPU.ActiveCfg = Release|Any CPU
		{255EDF04-F911-439A-944C-B31B76189B07}.Release|Any CPU.Build.0 = Release|Any CPU
		{E2E2627B-274F-414B-900C-E35BCB981547}.Debug|Any CPU.ActiveCfg = Debug|Any CPU
		{E2E2627B-274F-414B-900C-E35BCB981547}.Debug|Any CPU.Build.0 = Debug|Any CPU
		{E2E2627B-274F-414B-900C-E35BCB981547}.Release|Any CPU.ActiveCfg = Release|Any CPU
		{E2E2627B-274F-414B-900C-E35BCB981547}.Release|Any CPU.Build.0 = Release|Any CPU
		{4A4AD638-A244-4D8C-BBEF-332660797E13}.Debug|Any CPU.ActiveCfg = Debug|Any CPU
		{4A4AD638-A244-4D8C-BBEF-332660797E13}.Debug|Any CPU.Build.0 = Debug|Any CPU
		{4A4AD638-A244-4D8C-BBEF-332660797E13}.Release|Any CPU.ActiveCfg = Release|Any CPU
		{4A4AD638-A244-4D8C-BBEF-332660797E13}.Release|Any CPU.Build.0 = Release|Any CPU
		{233E6386-EBC7-4D0F-915E-C03B8D1421BB}.Debug|Any CPU.ActiveCfg = Debug|Any CPU
		{233E6386-EBC7-4D0F-915E-C03B8D1421BB}.Debug|Any CPU.Build.0 = Debug|Any CPU
		{233E6386-EBC7-4D0F-915E-C03B8D1421BB}.Release|Any CPU.ActiveCfg = Release|Any CPU
		{233E6386-EBC7-4D0F-915E-C03B8D1421BB}.Release|Any CPU.Build.0 = Release|Any CPU
	EndGlobalSection
	GlobalSection(SolutionProperties) = preSolution
		HideSolutionNode = FALSE
	EndGlobalSection
	GlobalSection(NestedProjects) = preSolution
		{ACC1456D-EDD2-484D-94A1-C21570ADCAA4} = {F45CB645-7E6B-4190-BB0C-389EF48B4E1F}
		{390A8B25-CA6F-408F-A577-6F09BE1F2880} = {F45CB645-7E6B-4190-BB0C-389EF48B4E1F}
		{9F1B46A4-C88D-45AC-A374-59A3E04E7522} = {F45CB645-7E6B-4190-BB0C-389EF48B4E1F}
		{9C328BE3-AC35-4616-851D-027FE64005C7} = {4FA3D8A8-91F6-4F9B-ADD0-F636B70CA43D}
		{B15B2907-0E93-4BA8-8D28-180495B90420} = {7B057C39-448A-41F3-961D-764A681AFC78}
		{255EDF04-F911-439A-944C-B31B76189B07} = {7B057C39-448A-41F3-961D-764A681AFC78}
		{E2E2627B-274F-414B-900C-E35BCB981547} = {7B057C39-448A-41F3-961D-764A681AFC78}
		{4A4AD638-A244-4D8C-BBEF-332660797E13} = {DA01519E-35D5-4F05-AC9E-E56DC52AB45C}
		{233E6386-EBC7-4D0F-915E-C03B8D1421BB} = {DA01519E-35D5-4F05-AC9E-E56DC52AB45C}
	EndGlobalSection
	GlobalSection(ExtensibilityGlobals) = postSolution
		SolutionGuid = {95F6E249-CBE1-4E66-9FD5-661521C89FE2}
	EndGlobalSection
EndGlobal
